
Microsoft Visual Studio Solution File, Format Version 12.00
# Visual Studio 15
VisualStudioVersion = 15.0.28010.2016
MinimumVisualStudioVersion = 10.0.40219.1
Project("{9A19103F-16F7-4668-BE54-9A1E7A4F7556}") = "Instagram", "Instagram\Instagram.csproj", "{E3EB3CF8-4DDC-4D1D-BAFF-884EE8081F8E}"
EndProject
Project("{9A19103F-16F7-4668-BE54-9A1E7A4F7556}") = "Instagram.Data", "Instagram.Data\Instagram.Data.csproj", "{52AFE41D-E31A-4DE3-B40A-3BCE70492B52}"
EndProject
Project("{FAE04EC0-301F-11D3-BF4B-00C04F79EFBC}") = "Instagram.Services", "Instagram.Services\Instagram.Services.csproj", "{E4243B8E-9B25-475E-A2E4-235D8F4B290F}"
EndProject
Global
	GlobalSection(SolutionConfigurationPlatforms) = preSolution
		Debug|Any CPU = Debug|Any CPU
		Release|Any CPU = Release|Any CPU
	EndGlobalSection
	GlobalSection(ProjectConfigurationPlatforms) = postSolution
		{E3EB3CF8-4DDC-4D1D-BAFF-884EE8081F8E}.Debug|Any CPU.ActiveCfg = Debug|Any CPU
		{E3EB3CF8-4DDC-4D1D-BAFF-884EE8081F8E}.Debug|Any CPU.Build.0 = Debug|Any CPU
		{E3EB3CF8-4DDC-4D1D-BAFF-884EE8081F8E}.Release|Any CPU.ActiveCfg = Release|Any CPU
		{E3EB3CF8-4DDC-4D1D-BAFF-884EE8081F8E}.Release|Any CPU.Build.0 = Release|Any CPU
		{52AFE41D-E31A-4DE3-B40A-3BCE70492B52}.Debug|Any CPU.ActiveCfg = Debug|Any CPU
		{52AFE41D-E31A-4DE3-B40A-3BCE70492B52}.Debug|Any CPU.Build.0 = Debug|Any CPU
		{52AFE41D-E31A-4DE3-B40A-3BCE70492B52}.Release|Any CPU.ActiveCfg = Release|Any CPU
		{52AFE41D-E31A-4DE3-B40A-3BCE70492B52}.Release|Any CPU.Build.0 = Release|Any CPU
		{E4243B8E-9B25-475E-A2E4-235D8F4B290F}.Debug|Any CPU.ActiveCfg = Debug|Any CPU
		{E4243B8E-9B25-475E-A2E4-235D8F4B290F}.Debug|Any CPU.Build.0 = Debug|Any CPU
		{E4243B8E-9B25-475E-A2E4-235D8F4B290F}.Release|Any CPU.ActiveCfg = Release|Any CPU
		{E4243B8E-9B25-475E-A2E4-235D8F4B290F}.Release|Any CPU.Build.0 = Release|Any CPU
	EndGlobalSection
	GlobalSection(SolutionProperties) = preSolution
		HideSolutionNode = FALSE
	EndGlobalSection
	GlobalSection(ExtensibilityGlobals) = postSolution
		SolutionGuid = {1352B021-59AC-4D0E-B275-9AB8AECD0B4D}
	EndGlobalSection
EndGlobal
